
Microsoft Visual Studio Solution File, Format Version 12.00
# Visual Studio Version 17
VisualStudioVersion = 17.3.32929.385
MinimumVisualStudioVersion = 10.0.40219.1
Project("{9A19103F-16F7-4668-BE54-9A1E7A4F7556}") = "CineFiend", "CineFiend\CineFiend.csproj", "{0F9B5909-9EDC-4902-B791-052E80F5E375}"
EndProject
Project("{9A19103F-16F7-4668-BE54-9A1E7A4F7556}") = "Domain", "Domain\Domain.csproj", "{5379CAEB-46ED-4698-BA93-02E324433B0A}"
EndProject
Project("{9A19103F-16F7-4668-BE54-9A1E7A4F7556}") = "Application", "Application\Application.csproj", "{4AB5BD2E-3E86-4162-9CE5-5FFCD1944BB5}"
EndProject
Global
	GlobalSection(SolutionConfigurationPlatforms) = preSolution
		Debug|Any CPU = Debug|Any CPU
		Release|Any CPU = Release|Any CPU
	EndGlobalSection
	GlobalSection(ProjectConfigurationPlatforms) = postSolution
		{0F9B5909-9EDC-4902-B791-052E80F5E375}.Debug|Any CPU.ActiveCfg = Debug|Any CPU
		{0F9B5909-9EDC-4902-B791-052E80F5E375}.Debug|Any CPU.Build.0 = Debug|Any CPU
		{0F9B5909-9EDC-4902-B791-052E80F5E375}.Release|Any CPU.ActiveCfg = Release|Any CPU
		{0F9B5909-9EDC-4902-B791-052E80F5E375}.Release|Any CPU.Build.0 = Release|Any CPU
		{5379CAEB-46ED-4698-BA93-02E324433B0A}.Debug|Any CPU.ActiveCfg = Debug|Any CPU
		{5379CAEB-46ED-4698-BA93-02E324433B0A}.Debug|Any CPU.Build.0 = Debug|Any CPU
		{5379CAEB-46ED-4698-BA93-02E324433B0A}.Release|Any CPU.ActiveCfg = Release|Any CPU
		{5379CAEB-46ED-4698-BA93-02E324433B0A}.Release|Any CPU.Build.0 = Release|Any CPU
		{4AB5BD2E-3E86-4162-9CE5-5FFCD1944BB5}.Debug|Any CPU.ActiveCfg = Debug|Any CPU
		{4AB5BD2E-3E86-4162-9CE5-5FFCD1944BB5}.Debug|Any CPU.Build.0 = Debug|Any CPU
		{4AB5BD2E-3E86-4162-9CE5-5FFCD1944BB5}.Release|Any CPU.ActiveCfg = Release|Any CPU
		{4AB5BD2E-3E86-4162-9CE5-5FFCD1944BB5}.Release|Any CPU.Build.0 = Release|Any CPU
	EndGlobalSection
	GlobalSection(SolutionProperties) = preSolution
		HideSolutionNode = FALSE
	EndGlobalSection
	GlobalSection(ExtensibilityGlobals) = postSolution
		SolutionGuid = {969A9303-DD7C-4D91-9E8F-16037E797FC4}
	EndGlobalSection
EndGlobal
